
Microsoft Visual Studio Solution File, Format Version 12.00
# Visual Studio Version 16
VisualStudioVersion = 16.0.31321.278
MinimumVisualStudioVersion = 10.0.40219.1
Project("{9A19103F-16F7-4668-BE54-9A1E7A4F7556}") = "Razor.Console", "Razor.Console\Razor.Console.csproj", "{456AF6B8-5D42-4437-99D0-ECB89835581E}"
EndProject
Project("{FAE04EC0-301F-11D3-BF4B-00C04F79EFBC}") = "Razor.Library", "Razor.Library\Razor.Library.csproj", "{B1882BE5-6634-4616-BAF4-532F3D022532}"
EndProject
Project("{FAE04EC0-301F-11D3-BF4B-00C04F79EFBC}") = "Razor.ASPNET", "Razor.ASPNET\Razor.ASPNET.csproj", "{8103F385-F84A-4E16-98C6-EA0FA3DF809E}"
EndProject
Global
	GlobalSection(SolutionConfigurationPlatforms) = preSolution
		Debug|Any CPU = Debug|Any CPU
		Release|Any CPU = Release|Any CPU
	EndGlobalSection
	GlobalSection(ProjectConfigurationPlatforms) = postSolution
		{456AF6B8-5D42-4437-99D0-ECB89835581E}.Debug|Any CPU.ActiveCfg = Debug|Any CPU
		{456AF6B8-5D42-4437-99D0-ECB89835581E}.Debug|Any CPU.Build.0 = Debug|Any CPU
		{456AF6B8-5D42-4437-99D0-ECB89835581E}.Release|Any CPU.ActiveCfg = Release|Any CPU
		{456AF6B8-5D42-4437-99D0-ECB89835581E}.Release|Any CPU.Build.0 = Release|Any CPU
		{B1882BE5-6634-4616-BAF4-532F3D022532}.Debug|Any CPU.ActiveCfg = Debug|Any CPU
		{B1882BE5-6634-4616-BAF4-532F3D022532}.Debug|Any CPU.Build.0 = Debug|Any CPU
		{B1882BE5-6634-4616-BAF4-532F3D022532}.Release|Any CPU.ActiveCfg = Release|Any CPU
		{B1882BE5-6634-4616-BAF4-532F3D022532}.Release|Any CPU.Build.0 = Release|Any CPU
		{8103F385-F84A-4E16-98C6-EA0FA3DF809E}.Debug|Any CPU.ActiveCfg = Debug|Any CPU
		{8103F385-F84A-4E16-98C6-EA0FA3DF809E}.Debug|Any CPU.Build.0 = Debug|Any CPU
		{8103F385-F84A-4E16-98C6-EA0FA3DF809E}.Release|Any CPU.ActiveCfg = Release|Any CPU
		{8103F385-F84A-4E16-98C6-EA0FA3DF809E}.Release|Any CPU.Build.0 = Release|Any CPU
	EndGlobalSection
	GlobalSection(SolutionProperties) = preSolution
		HideSolutionNode = FALSE
	EndGlobalSection
	GlobalSection(ExtensibilityGlobals) = postSolution
		SolutionGuid = {07437436-87B1-45E9-899C-BE238C48F521}
	EndGlobalSection
EndGlobal
